
Microsoft Visual Studio Solution File, Format Version 12.00
# Visual Studio Version 17
VisualStudioVersion = 17.14.36908.2 d17.14
MinimumVisualStudioVersion = 10.0.40219.1
Project("{FAE04EC0-301F-11D3-BF4B-00C04F79EFBC}") = "herencia_instruccion_base", "herencia_instruccion_base.csproj", "{8D000E28-8F9C-45A1-8C22-1AE2BBBD655C}"
EndProject
Global
	GlobalSection(SolutionConfigurationPlatforms) = preSolution
		Debug|Any CPU = Debug|Any CPU
		Release|Any CPU = Release|Any CPU
	EndGlobalSection
	GlobalSection(ProjectConfigurationPlatforms) = postSolution
		{8D000E28-8F9C-45A1-8C22-1AE2BBBD655C}.Debug|Any CPU.ActiveCfg = Debug|Any CPU
		{8D000E28-8F9C-45A1-8C22-1AE2BBBD655C}.Debug|Any CPU.Build.0 = Debug|Any CPU
		{8D000E28-8F9C-45A1-8C22-1AE2BBBD655C}.Release|Any CPU.ActiveCfg = Release|Any CPU
		{8D000E28-8F9C-45A1-8C22-1AE2BBBD655C}.Release|Any CPU.Build.0 = Release|Any CPU
	EndGlobalSection
	GlobalSection(SolutionProperties) = preSolution
		HideSolutionNode = FALSE
	EndGlobalSection
	GlobalSection(ExtensibilityGlobals) = postSolution
		SolutionGuid = {632A297C-CDB1-4AFD-BB8A-F607C0BB2CA8}
	EndGlobalSection
EndGlobal
