
Microsoft Visual Studio Solution File, Format Version 12.00
# Visual Studio Version 17
VisualStudioVersion = 17.14.36908.2 d17.14
MinimumVisualStudioVersion = 10.0.40219.1
Project("{FAE04EC0-301F-11D3-BF4B-00C04F79EFBC}") = "ejercicio_58_de_100", "ejercicio_58_de_100.csproj", "{09FF4604-A80A-4E3F-A0AD-964CF5682A82}"
EndProject
Global
	GlobalSection(SolutionConfigurationPlatforms) = preSolution
		Debug|Any CPU = Debug|Any CPU
		Release|Any CPU = Release|Any CPU
	EndGlobalSection
	GlobalSection(ProjectConfigurationPlatforms) = postSolution
		{09FF4604-A80A-4E3F-A0AD-964CF5682A82}.Debug|Any CPU.ActiveCfg = Debug|Any CPU
		{09FF4604-A80A-4E3F-A0AD-964CF5682A82}.Debug|Any CPU.Build.0 = Debug|Any CPU
		{09FF4604-A80A-4E3F-A0AD-964CF5682A82}.Release|Any CPU.ActiveCfg = Release|Any CPU
		{09FF4604-A80A-4E3F-A0AD-964CF5682A82}.Release|Any CPU.Build.0 = Release|Any CPU
	EndGlobalSection
	GlobalSection(SolutionProperties) = preSolution
		HideSolutionNode = FALSE
	EndGlobalSection
	GlobalSection(ExtensibilityGlobals) = postSolution
		SolutionGuid = {2CE53E95-9316-4695-ABB9-37FBE10117AB}
	EndGlobalSection
EndGlobal
