
Microsoft Visual Studio Solution File, Format Version 12.00
# Visual Studio Version 17
VisualStudioVersion = 17.14.36310.24 d17.14
MinimumVisualStudioVersion = 10.0.40219.1
Project("{FAE04EC0-301F-11D3-BF4B-00C04F79EFBC}") = "EstructuraSwitchCaseTryCatch", "EstructuraSwitchCaseTryCatch.csproj", "{F805F3B6-24A1-4F1C-A6CC-95673E6C615D}"
EndProject
Global
	GlobalSection(SolutionConfigurationPlatforms) = preSolution
		Debug|Any CPU = Debug|Any CPU
		Release|Any CPU = Release|Any CPU
	EndGlobalSection
	GlobalSection(ProjectConfigurationPlatforms) = postSolution
		{F805F3B6-24A1-4F1C-A6CC-95673E6C615D}.Debug|Any CPU.ActiveCfg = Debug|Any CPU
		{F805F3B6-24A1-4F1C-A6CC-95673E6C615D}.Debug|Any CPU.Build.0 = Debug|Any CPU
		{F805F3B6-24A1-4F1C-A6CC-95673E6C615D}.Release|Any CPU.ActiveCfg = Release|Any CPU
		{F805F3B6-24A1-4F1C-A6CC-95673E6C615D}.Release|Any CPU.Build.0 = Release|Any CPU
	EndGlobalSection
	GlobalSection(SolutionProperties) = preSolution
		HideSolutionNode = FALSE
	EndGlobalSection
	GlobalSection(ExtensibilityGlobals) = postSolution
		SolutionGuid = {5C5ADF64-638D-454A-A2B0-D2832E118996}
	EndGlobalSection
EndGlobal
