
Microsoft Visual Studio Solution File, Format Version 12.00
# Visual Studio Version 17
VisualStudioVersion = 17.14.36908.2 d17.14
MinimumVisualStudioVersion = 10.0.40219.1
Project("{FAE04EC0-301F-11D3-BF4B-00C04F79EFBC}") = "ejercicio_55_de_100", "ejercicio_55_de_100.csproj", "{DF73B2D5-5352-43AE-951F-D609F1273359}"
EndProject
Global
	GlobalSection(SolutionConfigurationPlatforms) = preSolution
		Debug|Any CPU = Debug|Any CPU
		Release|Any CPU = Release|Any CPU
	EndGlobalSection
	GlobalSection(ProjectConfigurationPlatforms) = postSolution
		{DF73B2D5-5352-43AE-951F-D609F1273359}.Debug|Any CPU.ActiveCfg = Debug|Any CPU
		{DF73B2D5-5352-43AE-951F-D609F1273359}.Debug|Any CPU.Build.0 = Debug|Any CPU
		{DF73B2D5-5352-43AE-951F-D609F1273359}.Release|Any CPU.ActiveCfg = Release|Any CPU
		{DF73B2D5-5352-43AE-951F-D609F1273359}.Release|Any CPU.Build.0 = Release|Any CPU
	EndGlobalSection
	GlobalSection(SolutionProperties) = preSolution
		HideSolutionNode = FALSE
	EndGlobalSection
	GlobalSection(ExtensibilityGlobals) = postSolution
		SolutionGuid = {D6D0F826-CBE9-4AD9-AB7F-DD3D940944E0}
	EndGlobalSection
EndGlobal
