
Microsoft Visual Studio Solution File, Format Version 12.00
# Visual Studio Version 17
VisualStudioVersion = 17.14.36908.2 d17.14
MinimumVisualStudioVersion = 10.0.40219.1
Project("{FAE04EC0-301F-11D3-BF4B-00C04F79EFBC}") = "ejercicio_14_de_100", "ejercicio_14_de_100.csproj", "{11878E57-D230-4522-9EA8-A74D2D014461}"
EndProject
Global
	GlobalSection(SolutionConfigurationPlatforms) = preSolution
		Debug|Any CPU = Debug|Any CPU
		Release|Any CPU = Release|Any CPU
	EndGlobalSection
	GlobalSection(ProjectConfigurationPlatforms) = postSolution
		{11878E57-D230-4522-9EA8-A74D2D014461}.Debug|Any CPU.ActiveCfg = Debug|Any CPU
		{11878E57-D230-4522-9EA8-A74D2D014461}.Debug|Any CPU.Build.0 = Debug|Any CPU
		{11878E57-D230-4522-9EA8-A74D2D014461}.Release|Any CPU.ActiveCfg = Release|Any CPU
		{11878E57-D230-4522-9EA8-A74D2D014461}.Release|Any CPU.Build.0 = Release|Any CPU
	EndGlobalSection
	GlobalSection(SolutionProperties) = preSolution
		HideSolutionNode = FALSE
	EndGlobalSection
	GlobalSection(ExtensibilityGlobals) = postSolution
		SolutionGuid = {E758C27D-EEB3-42FA-A91C-83ECB39A870E}
	EndGlobalSection
EndGlobal
