
Microsoft Visual Studio Solution File, Format Version 12.00
# Visual Studio Version 17
VisualStudioVersion = 17.14.37027.9 d17.14
MinimumVisualStudioVersion = 10.0.40219.1
Project("{FAE04EC0-301F-11D3-BF4B-00C04F79EFBC}") = "ejercicio_79_de_100", "ejercicio_79_de_100.csproj", "{84AEAD63-70AB-4853-A5F2-7EDA21E1D052}"
EndProject
Global
	GlobalSection(SolutionConfigurationPlatforms) = preSolution
		Debug|Any CPU = Debug|Any CPU
		Release|Any CPU = Release|Any CPU
	EndGlobalSection
	GlobalSection(ProjectConfigurationPlatforms) = postSolution
		{84AEAD63-70AB-4853-A5F2-7EDA21E1D052}.Debug|Any CPU.ActiveCfg = Debug|Any CPU
		{84AEAD63-70AB-4853-A5F2-7EDA21E1D052}.Debug|Any CPU.Build.0 = Debug|Any CPU
		{84AEAD63-70AB-4853-A5F2-7EDA21E1D052}.Release|Any CPU.ActiveCfg = Release|Any CPU
		{84AEAD63-70AB-4853-A5F2-7EDA21E1D052}.Release|Any CPU.Build.0 = Release|Any CPU
	EndGlobalSection
	GlobalSection(SolutionProperties) = preSolution
		HideSolutionNode = FALSE
	EndGlobalSection
	GlobalSection(ExtensibilityGlobals) = postSolution
		SolutionGuid = {DF551CC3-02A0-4146-AD82-8EEC36A6DE4F}
	EndGlobalSection
EndGlobal
