
Microsoft Visual Studio Solution File, Format Version 12.00
# Visual Studio Version 17
VisualStudioVersion = 17.14.36908.2 d17.14
MinimumVisualStudioVersion = 10.0.40219.1
Project("{FAE04EC0-301F-11D3-BF4B-00C04F79EFBC}") = "ejercicio_10_de_100", "ejercicio_10_de_100.csproj", "{5529FA41-1CBD-4868-A31D-060018F5E184}"
EndProject
Global
	GlobalSection(SolutionConfigurationPlatforms) = preSolution
		Debug|Any CPU = Debug|Any CPU
		Release|Any CPU = Release|Any CPU
	EndGlobalSection
	GlobalSection(ProjectConfigurationPlatforms) = postSolution
		{5529FA41-1CBD-4868-A31D-060018F5E184}.Debug|Any CPU.ActiveCfg = Debug|Any CPU
		{5529FA41-1CBD-4868-A31D-060018F5E184}.Debug|Any CPU.Build.0 = Debug|Any CPU
		{5529FA41-1CBD-4868-A31D-060018F5E184}.Release|Any CPU.ActiveCfg = Release|Any CPU
		{5529FA41-1CBD-4868-A31D-060018F5E184}.Release|Any CPU.Build.0 = Release|Any CPU
	EndGlobalSection
	GlobalSection(SolutionProperties) = preSolution
		HideSolutionNode = FALSE
	EndGlobalSection
	GlobalSection(ExtensibilityGlobals) = postSolution
		SolutionGuid = {FA67DBCA-6AEF-43C2-887A-1EC42654720A}
	EndGlobalSection
EndGlobal
