
Microsoft Visual Studio Solution File, Format Version 12.00
# Visual Studio Version 17
VisualStudioVersion = 17.14.36717.8 d17.14
MinimumVisualStudioVersion = 10.0.40219.1
Project("{FAE04EC0-301F-11D3-BF4B-00C04F79EFBC}") = "Recorrerunacadena", "Recorrerunacadena.csproj", "{98EB8CCC-5C19-4440-A19D-05FCB9276DD0}"
EndProject
Global
	GlobalSection(SolutionConfigurationPlatforms) = preSolution
		Debug|Any CPU = Debug|Any CPU
		Release|Any CPU = Release|Any CPU
	EndGlobalSection
	GlobalSection(ProjectConfigurationPlatforms) = postSolution
		{98EB8CCC-5C19-4440-A19D-05FCB9276DD0}.Debug|Any CPU.ActiveCfg = Debug|Any CPU
		{98EB8CCC-5C19-4440-A19D-05FCB9276DD0}.Debug|Any CPU.Build.0 = Debug|Any CPU
		{98EB8CCC-5C19-4440-A19D-05FCB9276DD0}.Release|Any CPU.ActiveCfg = Release|Any CPU
		{98EB8CCC-5C19-4440-A19D-05FCB9276DD0}.Release|Any CPU.Build.0 = Release|Any CPU
	EndGlobalSection
	GlobalSection(SolutionProperties) = preSolution
		HideSolutionNode = FALSE
	EndGlobalSection
	GlobalSection(ExtensibilityGlobals) = postSolution
		SolutionGuid = {14D0D7B9-A8B6-4CDB-A5E0-CBDAA72D056C}
	EndGlobalSection
EndGlobal
