
Microsoft Visual Studio Solution File, Format Version 12.00
# Visual Studio Version 17
VisualStudioVersion = 17.14.36908.2 d17.14
MinimumVisualStudioVersion = 10.0.40219.1
Project("{FAE04EC0-301F-11D3-BF4B-00C04F79EFBC}") = "ejercicio_29_de_100", "ejercicio_29_de_100.csproj", "{B186DB6E-CA3F-4283-9FF0-9065FC1F0392}"
EndProject
Global
	GlobalSection(SolutionConfigurationPlatforms) = preSolution
		Debug|Any CPU = Debug|Any CPU
		Release|Any CPU = Release|Any CPU
	EndGlobalSection
	GlobalSection(ProjectConfigurationPlatforms) = postSolution
		{B186DB6E-CA3F-4283-9FF0-9065FC1F0392}.Debug|Any CPU.ActiveCfg = Debug|Any CPU
		{B186DB6E-CA3F-4283-9FF0-9065FC1F0392}.Debug|Any CPU.Build.0 = Debug|Any CPU
		{B186DB6E-CA3F-4283-9FF0-9065FC1F0392}.Release|Any CPU.ActiveCfg = Release|Any CPU
		{B186DB6E-CA3F-4283-9FF0-9065FC1F0392}.Release|Any CPU.Build.0 = Release|Any CPU
	EndGlobalSection
	GlobalSection(SolutionProperties) = preSolution
		HideSolutionNode = FALSE
	EndGlobalSection
	GlobalSection(ExtensibilityGlobals) = postSolution
		SolutionGuid = {A22D8211-A8DC-43E8-8F54-D216EB0AA2E3}
	EndGlobalSection
EndGlobal
