
Microsoft Visual Studio Solution File, Format Version 12.00
# Visual Studio Version 17
VisualStudioVersion = 17.14.36908.2 d17.14
MinimumVisualStudioVersion = 10.0.40219.1
Project("{FAE04EC0-301F-11D3-BF4B-00C04F79EFBC}") = "creacion_de_Archivos", "creacion_de_Archivos.csproj", "{9660F11B-19F5-48BB-B1D0-B11C27404EAE}"
EndProject
Global
	GlobalSection(SolutionConfigurationPlatforms) = preSolution
		Debug|Any CPU = Debug|Any CPU
		Release|Any CPU = Release|Any CPU
	EndGlobalSection
	GlobalSection(ProjectConfigurationPlatforms) = postSolution
		{9660F11B-19F5-48BB-B1D0-B11C27404EAE}.Debug|Any CPU.ActiveCfg = Debug|Any CPU
		{9660F11B-19F5-48BB-B1D0-B11C27404EAE}.Debug|Any CPU.Build.0 = Debug|Any CPU
		{9660F11B-19F5-48BB-B1D0-B11C27404EAE}.Release|Any CPU.ActiveCfg = Release|Any CPU
		{9660F11B-19F5-48BB-B1D0-B11C27404EAE}.Release|Any CPU.Build.0 = Release|Any CPU
	EndGlobalSection
	GlobalSection(SolutionProperties) = preSolution
		HideSolutionNode = FALSE
	EndGlobalSection
	GlobalSection(ExtensibilityGlobals) = postSolution
		SolutionGuid = {3226DE07-6656-4A27-8D17-108A75CD5274}
	EndGlobalSection
EndGlobal
