
Microsoft Visual Studio Solution File, Format Version 12.00
# Visual Studio Version 17
VisualStudioVersion = 17.14.36908.2 d17.14
MinimumVisualStudioVersion = 10.0.40219.1
Project("{FAE04EC0-301F-11D3-BF4B-00C04F79EFBC}") = "ejercicio_59_de_100", "ejercicio_59_de_100.csproj", "{ABC6FD1D-B25F-4D50-829C-298E459B450F}"
EndProject
Global
	GlobalSection(SolutionConfigurationPlatforms) = preSolution
		Debug|Any CPU = Debug|Any CPU
		Release|Any CPU = Release|Any CPU
	EndGlobalSection
	GlobalSection(ProjectConfigurationPlatforms) = postSolution
		{ABC6FD1D-B25F-4D50-829C-298E459B450F}.Debug|Any CPU.ActiveCfg = Debug|Any CPU
		{ABC6FD1D-B25F-4D50-829C-298E459B450F}.Debug|Any CPU.Build.0 = Debug|Any CPU
		{ABC6FD1D-B25F-4D50-829C-298E459B450F}.Release|Any CPU.ActiveCfg = Release|Any CPU
		{ABC6FD1D-B25F-4D50-829C-298E459B450F}.Release|Any CPU.Build.0 = Release|Any CPU
	EndGlobalSection
	GlobalSection(SolutionProperties) = preSolution
		HideSolutionNode = FALSE
	EndGlobalSection
	GlobalSection(ExtensibilityGlobals) = postSolution
		SolutionGuid = {DFD711B7-5BB9-48BF-AA36-621F630C45A8}
	EndGlobalSection
EndGlobal
