
Microsoft Visual Studio Solution File, Format Version 12.00
# Visual Studio Version 17
VisualStudioVersion = 17.13.35825.156 d17.13
MinimumVisualStudioVersion = 10.0.40219.1
Project("{FAE04EC0-301F-11D3-BF4B-00C04F79EFBC}") = "ConsoleApp3", "ConsoleApp3\ConsoleApp3.csproj", "{4C7E9475-2AD4-4602-A725-9779FDC38856}"
EndProject
Global
	GlobalSection(SolutionConfigurationPlatforms) = preSolution
		Debug|Any CPU = Debug|Any CPU
		Release|Any CPU = Release|Any CPU
	EndGlobalSection
	GlobalSection(ProjectConfigurationPlatforms) = postSolution
		{4C7E9475-2AD4-4602-A725-9779FDC38856}.Debug|Any CPU.ActiveCfg = Debug|Any CPU
		{4C7E9475-2AD4-4602-A725-9779FDC38856}.Debug|Any CPU.Build.0 = Debug|Any CPU
		{4C7E9475-2AD4-4602-A725-9779FDC38856}.Release|Any CPU.ActiveCfg = Release|Any CPU
		{4C7E9475-2AD4-4602-A725-9779FDC38856}.Release|Any CPU.Build.0 = Release|Any CPU
	EndGlobalSection
	GlobalSection(SolutionProperties) = preSolution
		HideSolutionNode = FALSE
	EndGlobalSection
	GlobalSection(ExtensibilityGlobals) = postSolution
		SolutionGuid = {556784D2-0897-4F4B-AFA4-488DB9DBDAF1}
	EndGlobalSection
EndGlobal
