
Microsoft Visual Studio Solution File, Format Version 12.00
# Visual Studio Version 17
VisualStudioVersion = 17.14.36908.2 d17.14
MinimumVisualStudioVersion = 10.0.40219.1
Project("{FAE04EC0-301F-11D3-BF4B-00C04F79EFBC}") = "ejercicio_numero_random", "ejercicio_numero_random.csproj", "{BA600F4A-0F7F-4A7E-BEA0-6B5B41E1F246}"
EndProject
Global
	GlobalSection(SolutionConfigurationPlatforms) = preSolution
		Debug|Any CPU = Debug|Any CPU
		Release|Any CPU = Release|Any CPU
	EndGlobalSection
	GlobalSection(ProjectConfigurationPlatforms) = postSolution
		{BA600F4A-0F7F-4A7E-BEA0-6B5B41E1F246}.Debug|Any CPU.ActiveCfg = Debug|Any CPU
		{BA600F4A-0F7F-4A7E-BEA0-6B5B41E1F246}.Debug|Any CPU.Build.0 = Debug|Any CPU
		{BA600F4A-0F7F-4A7E-BEA0-6B5B41E1F246}.Release|Any CPU.ActiveCfg = Release|Any CPU
		{BA600F4A-0F7F-4A7E-BEA0-6B5B41E1F246}.Release|Any CPU.Build.0 = Release|Any CPU
	EndGlobalSection
	GlobalSection(SolutionProperties) = preSolution
		HideSolutionNode = FALSE
	EndGlobalSection
	GlobalSection(ExtensibilityGlobals) = postSolution
		SolutionGuid = {C0EAF96A-4BFF-4D68-98E3-7F1D18558713}
	EndGlobalSection
EndGlobal
