
Microsoft Visual Studio Solution File, Format Version 12.00
# Visual Studio Version 17
VisualStudioVersion = 17.14.37027.9 d17.14
MinimumVisualStudioVersion = 10.0.40219.1
Project("{FAE04EC0-301F-11D3-BF4B-00C04F79EFBC}") = "ejercicio_80_de_100", "ejercicio_80_de_100.csproj", "{9D8F9A64-9FAA-499C-921E-50F0C50FA9A5}"
EndProject
Global
	GlobalSection(SolutionConfigurationPlatforms) = preSolution
		Debug|Any CPU = Debug|Any CPU
		Release|Any CPU = Release|Any CPU
	EndGlobalSection
	GlobalSection(ProjectConfigurationPlatforms) = postSolution
		{9D8F9A64-9FAA-499C-921E-50F0C50FA9A5}.Debug|Any CPU.ActiveCfg = Debug|Any CPU
		{9D8F9A64-9FAA-499C-921E-50F0C50FA9A5}.Debug|Any CPU.Build.0 = Debug|Any CPU
		{9D8F9A64-9FAA-499C-921E-50F0C50FA9A5}.Release|Any CPU.ActiveCfg = Release|Any CPU
		{9D8F9A64-9FAA-499C-921E-50F0C50FA9A5}.Release|Any CPU.Build.0 = Release|Any CPU
	EndGlobalSection
	GlobalSection(SolutionProperties) = preSolution
		HideSolutionNode = FALSE
	EndGlobalSection
	GlobalSection(ExtensibilityGlobals) = postSolution
		SolutionGuid = {7E9C4AC4-8916-4304-AA27-70632366AEA6}
	EndGlobalSection
EndGlobal
