
Microsoft Visual Studio Solution File, Format Version 12.00
# Visual Studio Version 17
VisualStudioVersion = 17.14.36908.2 d17.14
MinimumVisualStudioVersion = 10.0.40219.1
Project("{FAE04EC0-301F-11D3-BF4B-00C04F79EFBC}") = "ejercicio_50_de_100", "ejercicio_50_de_100.csproj", "{48738C26-7535-4B16-AE3B-35FAFA7EB047}"
EndProject
Global
	GlobalSection(SolutionConfigurationPlatforms) = preSolution
		Debug|Any CPU = Debug|Any CPU
		Release|Any CPU = Release|Any CPU
	EndGlobalSection
	GlobalSection(ProjectConfigurationPlatforms) = postSolution
		{48738C26-7535-4B16-AE3B-35FAFA7EB047}.Debug|Any CPU.ActiveCfg = Debug|Any CPU
		{48738C26-7535-4B16-AE3B-35FAFA7EB047}.Debug|Any CPU.Build.0 = Debug|Any CPU
		{48738C26-7535-4B16-AE3B-35FAFA7EB047}.Release|Any CPU.ActiveCfg = Release|Any CPU
		{48738C26-7535-4B16-AE3B-35FAFA7EB047}.Release|Any CPU.Build.0 = Release|Any CPU
	EndGlobalSection
	GlobalSection(SolutionProperties) = preSolution
		HideSolutionNode = FALSE
	EndGlobalSection
	GlobalSection(ExtensibilityGlobals) = postSolution
		SolutionGuid = {D2B7F853-B950-4D65-A940-5B8340DAFB6D}
	EndGlobalSection
EndGlobal
