
Microsoft Visual Studio Solution File, Format Version 12.00
# Visual Studio Version 17
VisualStudioVersion = 17.14.37027.9 d17.14
MinimumVisualStudioVersion = 10.0.40219.1
Project("{FAE04EC0-301F-11D3-BF4B-00C04F79EFBC}") = "ejercicio_66_de_100", "ejercicio_66_de_100.csproj", "{370A6EAA-86EF-405B-BEEE-2D275F3737A9}"
EndProject
Global
	GlobalSection(SolutionConfigurationPlatforms) = preSolution
		Debug|Any CPU = Debug|Any CPU
		Release|Any CPU = Release|Any CPU
	EndGlobalSection
	GlobalSection(ProjectConfigurationPlatforms) = postSolution
		{370A6EAA-86EF-405B-BEEE-2D275F3737A9}.Debug|Any CPU.ActiveCfg = Debug|Any CPU
		{370A6EAA-86EF-405B-BEEE-2D275F3737A9}.Debug|Any CPU.Build.0 = Debug|Any CPU
		{370A6EAA-86EF-405B-BEEE-2D275F3737A9}.Release|Any CPU.ActiveCfg = Release|Any CPU
		{370A6EAA-86EF-405B-BEEE-2D275F3737A9}.Release|Any CPU.Build.0 = Release|Any CPU
	EndGlobalSection
	GlobalSection(SolutionProperties) = preSolution
		HideSolutionNode = FALSE
	EndGlobalSection
	GlobalSection(ExtensibilityGlobals) = postSolution
		SolutionGuid = {FC16E5B6-BDEC-4A70-A720-4CE7B088BF1F}
	EndGlobalSection
EndGlobal
