
Microsoft Visual Studio Solution File, Format Version 12.00
# Visual Studio Version 17
VisualStudioVersion = 17.14.36908.2 d17.14
MinimumVisualStudioVersion = 10.0.40219.1
Project("{FAE04EC0-301F-11D3-BF4B-00C04F79EFBC}") = "ejemploPalindromo", "ejemploPalindromo.csproj", "{215A3470-C3D7-410E-8835-FD81E9C993B9}"
EndProject
Global
	GlobalSection(SolutionConfigurationPlatforms) = preSolution
		Debug|Any CPU = Debug|Any CPU
		Release|Any CPU = Release|Any CPU
	EndGlobalSection
	GlobalSection(ProjectConfigurationPlatforms) = postSolution
		{215A3470-C3D7-410E-8835-FD81E9C993B9}.Debug|Any CPU.ActiveCfg = Debug|Any CPU
		{215A3470-C3D7-410E-8835-FD81E9C993B9}.Debug|Any CPU.Build.0 = Debug|Any CPU
		{215A3470-C3D7-410E-8835-FD81E9C993B9}.Release|Any CPU.ActiveCfg = Release|Any CPU
		{215A3470-C3D7-410E-8835-FD81E9C993B9}.Release|Any CPU.Build.0 = Release|Any CPU
	EndGlobalSection
	GlobalSection(SolutionProperties) = preSolution
		HideSolutionNode = FALSE
	EndGlobalSection
	GlobalSection(ExtensibilityGlobals) = postSolution
		SolutionGuid = {4058332A-3850-44A0-B808-418C1B84B4AE}
	EndGlobalSection
EndGlobal
