
Microsoft Visual Studio Solution File, Format Version 12.00
# Visual Studio Version 17
VisualStudioVersion = 17.14.36908.2 d17.14
MinimumVisualStudioVersion = 10.0.40219.1
Project("{FAE04EC0-301F-11D3-BF4B-00C04F79EFBC}") = "ejercicio_53_de_100", "ejercicio_53_de_100.csproj", "{4BD42CEB-E4BF-4405-9134-E82FD7EB5D89}"
EndProject
Global
	GlobalSection(SolutionConfigurationPlatforms) = preSolution
		Debug|Any CPU = Debug|Any CPU
		Release|Any CPU = Release|Any CPU
	EndGlobalSection
	GlobalSection(ProjectConfigurationPlatforms) = postSolution
		{4BD42CEB-E4BF-4405-9134-E82FD7EB5D89}.Debug|Any CPU.ActiveCfg = Debug|Any CPU
		{4BD42CEB-E4BF-4405-9134-E82FD7EB5D89}.Debug|Any CPU.Build.0 = Debug|Any CPU
		{4BD42CEB-E4BF-4405-9134-E82FD7EB5D89}.Release|Any CPU.ActiveCfg = Release|Any CPU
		{4BD42CEB-E4BF-4405-9134-E82FD7EB5D89}.Release|Any CPU.Build.0 = Release|Any CPU
	EndGlobalSection
	GlobalSection(SolutionProperties) = preSolution
		HideSolutionNode = FALSE
	EndGlobalSection
	GlobalSection(ExtensibilityGlobals) = postSolution
		SolutionGuid = {D55745FB-D64A-4809-8140-BBF7CB156614}
	EndGlobalSection
EndGlobal
