
Microsoft Visual Studio Solution File, Format Version 12.00
# Visual Studio Version 17
VisualStudioVersion = 17.14.36908.2 d17.14
MinimumVisualStudioVersion = 10.0.40219.1
Project("{FAE04EC0-301F-11D3-BF4B-00C04F79EFBC}") = "ejercicio_9_de_100", "ejercicio_9_de_100.csproj", "{CB1726F3-C33A-4853-A2F7-70E9B2BB2331}"
EndProject
Global
	GlobalSection(SolutionConfigurationPlatforms) = preSolution
		Debug|Any CPU = Debug|Any CPU
		Release|Any CPU = Release|Any CPU
	EndGlobalSection
	GlobalSection(ProjectConfigurationPlatforms) = postSolution
		{CB1726F3-C33A-4853-A2F7-70E9B2BB2331}.Debug|Any CPU.ActiveCfg = Debug|Any CPU
		{CB1726F3-C33A-4853-A2F7-70E9B2BB2331}.Debug|Any CPU.Build.0 = Debug|Any CPU
		{CB1726F3-C33A-4853-A2F7-70E9B2BB2331}.Release|Any CPU.ActiveCfg = Release|Any CPU
		{CB1726F3-C33A-4853-A2F7-70E9B2BB2331}.Release|Any CPU.Build.0 = Release|Any CPU
	EndGlobalSection
	GlobalSection(SolutionProperties) = preSolution
		HideSolutionNode = FALSE
	EndGlobalSection
	GlobalSection(ExtensibilityGlobals) = postSolution
		SolutionGuid = {02AD82ED-66F6-424E-A2D1-009D213B01BA}
	EndGlobalSection
EndGlobal
