
Microsoft Visual Studio Solution File, Format Version 12.00
# Visual Studio Version 17
VisualStudioVersion = 17.14.37027.9 d17.14
MinimumVisualStudioVersion = 10.0.40219.1
Project("{FAE04EC0-301F-11D3-BF4B-00C04F79EFBC}") = "ejercicio_70_de_100", "ejercicio_70_de_100.csproj", "{1359EC1B-4FED-41CE-80C7-E76F5664FCE6}"
EndProject
Global
	GlobalSection(SolutionConfigurationPlatforms) = preSolution
		Debug|Any CPU = Debug|Any CPU
		Release|Any CPU = Release|Any CPU
	EndGlobalSection
	GlobalSection(ProjectConfigurationPlatforms) = postSolution
		{1359EC1B-4FED-41CE-80C7-E76F5664FCE6}.Debug|Any CPU.ActiveCfg = Debug|Any CPU
		{1359EC1B-4FED-41CE-80C7-E76F5664FCE6}.Debug|Any CPU.Build.0 = Debug|Any CPU
		{1359EC1B-4FED-41CE-80C7-E76F5664FCE6}.Release|Any CPU.ActiveCfg = Release|Any CPU
		{1359EC1B-4FED-41CE-80C7-E76F5664FCE6}.Release|Any CPU.Build.0 = Release|Any CPU
	EndGlobalSection
	GlobalSection(SolutionProperties) = preSolution
		HideSolutionNode = FALSE
	EndGlobalSection
	GlobalSection(ExtensibilityGlobals) = postSolution
		SolutionGuid = {ABE8EF9E-33EB-4CFD-BA82-E0594623FEA5}
	EndGlobalSection
EndGlobal
