
Microsoft Visual Studio Solution File, Format Version 12.00
# Visual Studio Version 17
VisualStudioVersion = 17.14.36908.2 d17.14
MinimumVisualStudioVersion = 10.0.40219.1
Project("{FAE04EC0-301F-11D3-BF4B-00C04F79EFBC}") = "ejercicio_24_de_100", "ejercicio_24_de_100.csproj", "{B88A7D41-A6D9-4AC0-94E0-33192E8EC736}"
EndProject
Global
	GlobalSection(SolutionConfigurationPlatforms) = preSolution
		Debug|Any CPU = Debug|Any CPU
		Release|Any CPU = Release|Any CPU
	EndGlobalSection
	GlobalSection(ProjectConfigurationPlatforms) = postSolution
		{B88A7D41-A6D9-4AC0-94E0-33192E8EC736}.Debug|Any CPU.ActiveCfg = Debug|Any CPU
		{B88A7D41-A6D9-4AC0-94E0-33192E8EC736}.Debug|Any CPU.Build.0 = Debug|Any CPU
		{B88A7D41-A6D9-4AC0-94E0-33192E8EC736}.Release|Any CPU.ActiveCfg = Release|Any CPU
		{B88A7D41-A6D9-4AC0-94E0-33192E8EC736}.Release|Any CPU.Build.0 = Release|Any CPU
	EndGlobalSection
	GlobalSection(SolutionProperties) = preSolution
		HideSolutionNode = FALSE
	EndGlobalSection
	GlobalSection(ExtensibilityGlobals) = postSolution
		SolutionGuid = {3F799A8B-0CA9-433E-B483-ED2058077FB2}
	EndGlobalSection
EndGlobal
