
Microsoft Visual Studio Solution File, Format Version 12.00
# Visual Studio Version 17
VisualStudioVersion = 17.14.36908.2 d17.14
MinimumVisualStudioVersion = 10.0.40219.1
Project("{FAE04EC0-301F-11D3-BF4B-00C04F79EFBC}") = "ejercicio_40_de_100", "ejercicio_40_de_100.csproj", "{87474F93-25A4-4EC8-B082-2433A5FCB929}"
EndProject
Global
	GlobalSection(SolutionConfigurationPlatforms) = preSolution
		Debug|Any CPU = Debug|Any CPU
		Release|Any CPU = Release|Any CPU
	EndGlobalSection
	GlobalSection(ProjectConfigurationPlatforms) = postSolution
		{87474F93-25A4-4EC8-B082-2433A5FCB929}.Debug|Any CPU.ActiveCfg = Debug|Any CPU
		{87474F93-25A4-4EC8-B082-2433A5FCB929}.Debug|Any CPU.Build.0 = Debug|Any CPU
		{87474F93-25A4-4EC8-B082-2433A5FCB929}.Release|Any CPU.ActiveCfg = Release|Any CPU
		{87474F93-25A4-4EC8-B082-2433A5FCB929}.Release|Any CPU.Build.0 = Release|Any CPU
	EndGlobalSection
	GlobalSection(SolutionProperties) = preSolution
		HideSolutionNode = FALSE
	EndGlobalSection
	GlobalSection(ExtensibilityGlobals) = postSolution
		SolutionGuid = {D998E3B5-8EF5-4D73-9D1E-D4E84D3DC018}
	EndGlobalSection
EndGlobal
