
Microsoft Visual Studio Solution File, Format Version 12.00
# Visual Studio Version 17
VisualStudioVersion = 17.14.36908.2 d17.14
MinimumVisualStudioVersion = 10.0.40219.1
Project("{FAE04EC0-301F-11D3-BF4B-00C04F79EFBC}") = "ejercicioUnoQueue", "ejercicioUnoQueue.csproj", "{CE836E2B-F09E-4D01-9043-156F403E79D8}"
EndProject
Global
	GlobalSection(SolutionConfigurationPlatforms) = preSolution
		Debug|Any CPU = Debug|Any CPU
		Release|Any CPU = Release|Any CPU
	EndGlobalSection
	GlobalSection(ProjectConfigurationPlatforms) = postSolution
		{CE836E2B-F09E-4D01-9043-156F403E79D8}.Debug|Any CPU.ActiveCfg = Debug|Any CPU
		{CE836E2B-F09E-4D01-9043-156F403E79D8}.Debug|Any CPU.Build.0 = Debug|Any CPU
		{CE836E2B-F09E-4D01-9043-156F403E79D8}.Release|Any CPU.ActiveCfg = Release|Any CPU
		{CE836E2B-F09E-4D01-9043-156F403E79D8}.Release|Any CPU.Build.0 = Release|Any CPU
	EndGlobalSection
	GlobalSection(SolutionProperties) = preSolution
		HideSolutionNode = FALSE
	EndGlobalSection
	GlobalSection(ExtensibilityGlobals) = postSolution
		SolutionGuid = {90DF83D3-B176-4A39-987D-AB553A981A7D}
	EndGlobalSection
EndGlobal
