
Microsoft Visual Studio Solution File, Format Version 12.00
# Visual Studio Version 17
VisualStudioVersion = 17.14.37027.9 d17.14
MinimumVisualStudioVersion = 10.0.40219.1
Project("{FAE04EC0-301F-11D3-BF4B-00C04F79EFBC}") = "generico_ejercicio", "generico_ejercicio.csproj", "{37B5345E-D271-43E3-80E1-505F525DFBEA}"
EndProject
Global
	GlobalSection(SolutionConfigurationPlatforms) = preSolution
		Debug|Any CPU = Debug|Any CPU
		Release|Any CPU = Release|Any CPU
	EndGlobalSection
	GlobalSection(ProjectConfigurationPlatforms) = postSolution
		{37B5345E-D271-43E3-80E1-505F525DFBEA}.Debug|Any CPU.ActiveCfg = Debug|Any CPU
		{37B5345E-D271-43E3-80E1-505F525DFBEA}.Debug|Any CPU.Build.0 = Debug|Any CPU
		{37B5345E-D271-43E3-80E1-505F525DFBEA}.Release|Any CPU.ActiveCfg = Release|Any CPU
		{37B5345E-D271-43E3-80E1-505F525DFBEA}.Release|Any CPU.Build.0 = Release|Any CPU
	EndGlobalSection
	GlobalSection(SolutionProperties) = preSolution
		HideSolutionNode = FALSE
	EndGlobalSection
	GlobalSection(ExtensibilityGlobals) = postSolution
		SolutionGuid = {2F3BAE25-6DAD-40F2-9CF8-7369446FB703}
	EndGlobalSection
EndGlobal
