
Microsoft Visual Studio Solution File, Format Version 12.00
# Visual Studio Version 17
VisualStudioVersion = 17.14.36908.2 d17.14
MinimumVisualStudioVersion = 10.0.40219.1
Project("{FAE04EC0-301F-11D3-BF4B-00C04F79EFBC}") = "ejercicio_43_de_100", "ejercicio_43_de_100.csproj", "{30E39395-DE03-4905-B152-9381D259CFDD}"
EndProject
Global
	GlobalSection(SolutionConfigurationPlatforms) = preSolution
		Debug|Any CPU = Debug|Any CPU
		Release|Any CPU = Release|Any CPU
	EndGlobalSection
	GlobalSection(ProjectConfigurationPlatforms) = postSolution
		{30E39395-DE03-4905-B152-9381D259CFDD}.Debug|Any CPU.ActiveCfg = Debug|Any CPU
		{30E39395-DE03-4905-B152-9381D259CFDD}.Debug|Any CPU.Build.0 = Debug|Any CPU
		{30E39395-DE03-4905-B152-9381D259CFDD}.Release|Any CPU.ActiveCfg = Release|Any CPU
		{30E39395-DE03-4905-B152-9381D259CFDD}.Release|Any CPU.Build.0 = Release|Any CPU
	EndGlobalSection
	GlobalSection(SolutionProperties) = preSolution
		HideSolutionNode = FALSE
	EndGlobalSection
	GlobalSection(ExtensibilityGlobals) = postSolution
		SolutionGuid = {45DB5EE1-1FFA-4421-B311-01028348BF13}
	EndGlobalSection
EndGlobal
