
Microsoft Visual Studio Solution File, Format Version 12.00
# Visual Studio Version 17
VisualStudioVersion = 17.14.36908.2 d17.14
MinimumVisualStudioVersion = 10.0.40219.1
Project("{FAE04EC0-301F-11D3-BF4B-00C04F79EFBC}") = "ejercicioCuatroArrays", "ejercicioCuatroArrays.csproj", "{089EDD83-A8CA-4787-A262-5A405F727B8B}"
EndProject
Global
	GlobalSection(SolutionConfigurationPlatforms) = preSolution
		Debug|Any CPU = Debug|Any CPU
		Release|Any CPU = Release|Any CPU
	EndGlobalSection
	GlobalSection(ProjectConfigurationPlatforms) = postSolution
		{089EDD83-A8CA-4787-A262-5A405F727B8B}.Debug|Any CPU.ActiveCfg = Debug|Any CPU
		{089EDD83-A8CA-4787-A262-5A405F727B8B}.Debug|Any CPU.Build.0 = Debug|Any CPU
		{089EDD83-A8CA-4787-A262-5A405F727B8B}.Release|Any CPU.ActiveCfg = Release|Any CPU
		{089EDD83-A8CA-4787-A262-5A405F727B8B}.Release|Any CPU.Build.0 = Release|Any CPU
	EndGlobalSection
	GlobalSection(SolutionProperties) = preSolution
		HideSolutionNode = FALSE
	EndGlobalSection
	GlobalSection(ExtensibilityGlobals) = postSolution
		SolutionGuid = {111246DA-4717-4F2E-8D90-5F4812ECC888}
	EndGlobalSection
EndGlobal
