
Microsoft Visual Studio Solution File, Format Version 12.00
# Visual Studio Version 17
VisualStudioVersion = 17.14.36908.2 d17.14
MinimumVisualStudioVersion = 10.0.40219.1
Project("{FAE04EC0-301F-11D3-BF4B-00C04F79EFBC}") = "ejercicio_12_de_100", "ejercicio_12_de_100.csproj", "{14CEC349-7B36-45DF-A28B-F3903D3C3414}"
EndProject
Global
	GlobalSection(SolutionConfigurationPlatforms) = preSolution
		Debug|Any CPU = Debug|Any CPU
		Release|Any CPU = Release|Any CPU
	EndGlobalSection
	GlobalSection(ProjectConfigurationPlatforms) = postSolution
		{14CEC349-7B36-45DF-A28B-F3903D3C3414}.Debug|Any CPU.ActiveCfg = Debug|Any CPU
		{14CEC349-7B36-45DF-A28B-F3903D3C3414}.Debug|Any CPU.Build.0 = Debug|Any CPU
		{14CEC349-7B36-45DF-A28B-F3903D3C3414}.Release|Any CPU.ActiveCfg = Release|Any CPU
		{14CEC349-7B36-45DF-A28B-F3903D3C3414}.Release|Any CPU.Build.0 = Release|Any CPU
	EndGlobalSection
	GlobalSection(SolutionProperties) = preSolution
		HideSolutionNode = FALSE
	EndGlobalSection
	GlobalSection(ExtensibilityGlobals) = postSolution
		SolutionGuid = {622E56DA-ACD0-4F42-9E4A-96F5D7267435}
	EndGlobalSection
EndGlobal
