
Microsoft Visual Studio Solution File, Format Version 12.00
# Visual Studio Version 17
VisualStudioVersion = 17.14.36908.2 d17.14
MinimumVisualStudioVersion = 10.0.40219.1
Project("{FAE04EC0-301F-11D3-BF4B-00C04F79EFBC}") = "estructuras", "estructuras.csproj", "{4FDFC91D-779B-4C20-96FD-11144FF54272}"
EndProject
Global
	GlobalSection(SolutionConfigurationPlatforms) = preSolution
		Debug|Any CPU = Debug|Any CPU
		Release|Any CPU = Release|Any CPU
	EndGlobalSection
	GlobalSection(ProjectConfigurationPlatforms) = postSolution
		{4FDFC91D-779B-4C20-96FD-11144FF54272}.Debug|Any CPU.ActiveCfg = Debug|Any CPU
		{4FDFC91D-779B-4C20-96FD-11144FF54272}.Debug|Any CPU.Build.0 = Debug|Any CPU
		{4FDFC91D-779B-4C20-96FD-11144FF54272}.Release|Any CPU.ActiveCfg = Release|Any CPU
		{4FDFC91D-779B-4C20-96FD-11144FF54272}.Release|Any CPU.Build.0 = Release|Any CPU
	EndGlobalSection
	GlobalSection(SolutionProperties) = preSolution
		HideSolutionNode = FALSE
	EndGlobalSection
	GlobalSection(ExtensibilityGlobals) = postSolution
		SolutionGuid = {B2D74808-46E6-4236-9EA5-B7048ABC73A9}
	EndGlobalSection
EndGlobal
