
Microsoft Visual Studio Solution File, Format Version 12.00
# Visual Studio Version 17
VisualStudioVersion = 17.14.36717.8 d17.14
MinimumVisualStudioVersion = 10.0.40219.1
Project("{FAE04EC0-301F-11D3-BF4B-00C04F79EFBC}") = "arreglosJagged_arreglos_en_arreglos", "arreglosJagged_arreglos_en_arreglos.csproj", "{7B8CC421-2115-4E6E-A89D-12D9086C9F49}"
EndProject
Global
	GlobalSection(SolutionConfigurationPlatforms) = preSolution
		Debug|Any CPU = Debug|Any CPU
		Release|Any CPU = Release|Any CPU
	EndGlobalSection
	GlobalSection(ProjectConfigurationPlatforms) = postSolution
		{7B8CC421-2115-4E6E-A89D-12D9086C9F49}.Debug|Any CPU.ActiveCfg = Debug|Any CPU
		{7B8CC421-2115-4E6E-A89D-12D9086C9F49}.Debug|Any CPU.Build.0 = Debug|Any CPU
		{7B8CC421-2115-4E6E-A89D-12D9086C9F49}.Release|Any CPU.ActiveCfg = Release|Any CPU
		{7B8CC421-2115-4E6E-A89D-12D9086C9F49}.Release|Any CPU.Build.0 = Release|Any CPU
	EndGlobalSection
	GlobalSection(SolutionProperties) = preSolution
		HideSolutionNode = FALSE
	EndGlobalSection
	GlobalSection(ExtensibilityGlobals) = postSolution
		SolutionGuid = {44627BED-FB9F-44FD-B829-E467A648E7ED}
	EndGlobalSection
EndGlobal
