
Microsoft Visual Studio Solution File, Format Version 12.00
# Visual Studio Version 17
VisualStudioVersion = 17.14.36908.2 d17.14
MinimumVisualStudioVersion = 10.0.40219.1
Project("{FAE04EC0-301F-11D3-BF4B-00C04F79EFBC}") = "ejercicio_17_de_100", "ejercicio_17_de_100.csproj", "{7BFFB95B-2B61-414E-A85C-F9E8CCF31869}"
EndProject
Global
	GlobalSection(SolutionConfigurationPlatforms) = preSolution
		Debug|Any CPU = Debug|Any CPU
		Release|Any CPU = Release|Any CPU
	EndGlobalSection
	GlobalSection(ProjectConfigurationPlatforms) = postSolution
		{7BFFB95B-2B61-414E-A85C-F9E8CCF31869}.Debug|Any CPU.ActiveCfg = Debug|Any CPU
		{7BFFB95B-2B61-414E-A85C-F9E8CCF31869}.Debug|Any CPU.Build.0 = Debug|Any CPU
		{7BFFB95B-2B61-414E-A85C-F9E8CCF31869}.Release|Any CPU.ActiveCfg = Release|Any CPU
		{7BFFB95B-2B61-414E-A85C-F9E8CCF31869}.Release|Any CPU.Build.0 = Release|Any CPU
	EndGlobalSection
	GlobalSection(SolutionProperties) = preSolution
		HideSolutionNode = FALSE
	EndGlobalSection
	GlobalSection(ExtensibilityGlobals) = postSolution
		SolutionGuid = {2888264B-9C89-4E97-B497-9A3584EA3BDE}
	EndGlobalSection
EndGlobal
