
Microsoft Visual Studio Solution File, Format Version 12.00
# Visual Studio Version 17
VisualStudioVersion = 17.14.37027.9 d17.14
MinimumVisualStudioVersion = 10.0.40219.1
Project("{FAE04EC0-301F-11D3-BF4B-00C04F79EFBC}") = "ejercicio_74_de_100", "ejercicio_74_de_100.csproj", "{573A528D-6CB5-40DF-9BB6-E2A27D6BABAE}"
EndProject
Global
	GlobalSection(SolutionConfigurationPlatforms) = preSolution
		Debug|Any CPU = Debug|Any CPU
		Release|Any CPU = Release|Any CPU
	EndGlobalSection
	GlobalSection(ProjectConfigurationPlatforms) = postSolution
		{573A528D-6CB5-40DF-9BB6-E2A27D6BABAE}.Debug|Any CPU.ActiveCfg = Debug|Any CPU
		{573A528D-6CB5-40DF-9BB6-E2A27D6BABAE}.Debug|Any CPU.Build.0 = Debug|Any CPU
		{573A528D-6CB5-40DF-9BB6-E2A27D6BABAE}.Release|Any CPU.ActiveCfg = Release|Any CPU
		{573A528D-6CB5-40DF-9BB6-E2A27D6BABAE}.Release|Any CPU.Build.0 = Release|Any CPU
	EndGlobalSection
	GlobalSection(SolutionProperties) = preSolution
		HideSolutionNode = FALSE
	EndGlobalSection
	GlobalSection(ExtensibilityGlobals) = postSolution
		SolutionGuid = {E069EBCC-E4B7-470D-991F-0ADB27767C9A}
	EndGlobalSection
EndGlobal
