
Microsoft Visual Studio Solution File, Format Version 12.00
# Visual Studio Version 17
VisualStudioVersion = 17.14.36908.2 d17.14
MinimumVisualStudioVersion = 10.0.40219.1
Project("{FAE04EC0-301F-11D3-BF4B-00C04F79EFBC}") = "coleccionesStack_o_Pila", "coleccionesStack_o_Pila.csproj", "{0CADD399-8164-4689-8FEF-2634867F2500}"
EndProject
Global
	GlobalSection(SolutionConfigurationPlatforms) = preSolution
		Debug|Any CPU = Debug|Any CPU
		Release|Any CPU = Release|Any CPU
	EndGlobalSection
	GlobalSection(ProjectConfigurationPlatforms) = postSolution
		{0CADD399-8164-4689-8FEF-2634867F2500}.Debug|Any CPU.ActiveCfg = Debug|Any CPU
		{0CADD399-8164-4689-8FEF-2634867F2500}.Debug|Any CPU.Build.0 = Debug|Any CPU
		{0CADD399-8164-4689-8FEF-2634867F2500}.Release|Any CPU.ActiveCfg = Release|Any CPU
		{0CADD399-8164-4689-8FEF-2634867F2500}.Release|Any CPU.Build.0 = Release|Any CPU
	EndGlobalSection
	GlobalSection(SolutionProperties) = preSolution
		HideSolutionNode = FALSE
	EndGlobalSection
	GlobalSection(ExtensibilityGlobals) = postSolution
		SolutionGuid = {5741480D-126F-42F8-8D6B-250A505D218E}
	EndGlobalSection
EndGlobal
