
Microsoft Visual Studio Solution File, Format Version 12.00
# Visual Studio Version 17
VisualStudioVersion = 17.14.36717.8 d17.14
MinimumVisualStudioVersion = 10.0.40219.1
Project("{FAE04EC0-301F-11D3-BF4B-00C04F79EFBC}") = "MetodosyFunciones", "MetodosyFunciones.csproj", "{72FB10E0-5A88-42A8-ABAA-86F7F203231C}"
EndProject
Global
	GlobalSection(SolutionConfigurationPlatforms) = preSolution
		Debug|Any CPU = Debug|Any CPU
		Release|Any CPU = Release|Any CPU
	EndGlobalSection
	GlobalSection(ProjectConfigurationPlatforms) = postSolution
		{72FB10E0-5A88-42A8-ABAA-86F7F203231C}.Debug|Any CPU.ActiveCfg = Debug|Any CPU
		{72FB10E0-5A88-42A8-ABAA-86F7F203231C}.Debug|Any CPU.Build.0 = Debug|Any CPU
		{72FB10E0-5A88-42A8-ABAA-86F7F203231C}.Release|Any CPU.ActiveCfg = Release|Any CPU
		{72FB10E0-5A88-42A8-ABAA-86F7F203231C}.Release|Any CPU.Build.0 = Release|Any CPU
	EndGlobalSection
	GlobalSection(SolutionProperties) = preSolution
		HideSolutionNode = FALSE
	EndGlobalSection
	GlobalSection(ExtensibilityGlobals) = postSolution
		SolutionGuid = {41AFD1B7-B647-4EDF-BB97-CC0D041F4321}
	EndGlobalSection
EndGlobal
