
Microsoft Visual Studio Solution File, Format Version 12.00
# Visual Studio Version 17
VisualStudioVersion = 17.14.36717.8 d17.14
MinimumVisualStudioVersion = 10.0.40219.1
Project("{FAE04EC0-301F-11D3-BF4B-00C04F79EFBC}") = "ConsoleApp5", "ConsoleApp5.csproj", "{22A5BCB9-F230-4F7A-BC91-D8F7001D254F}"
EndProject
Global
	GlobalSection(SolutionConfigurationPlatforms) = preSolution
		Debug|Any CPU = Debug|Any CPU
		Release|Any CPU = Release|Any CPU
	EndGlobalSection
	GlobalSection(ProjectConfigurationPlatforms) = postSolution
		{22A5BCB9-F230-4F7A-BC91-D8F7001D254F}.Debug|Any CPU.ActiveCfg = Debug|Any CPU
		{22A5BCB9-F230-4F7A-BC91-D8F7001D254F}.Debug|Any CPU.Build.0 = Debug|Any CPU
		{22A5BCB9-F230-4F7A-BC91-D8F7001D254F}.Release|Any CPU.ActiveCfg = Release|Any CPU
		{22A5BCB9-F230-4F7A-BC91-D8F7001D254F}.Release|Any CPU.Build.0 = Release|Any CPU
	EndGlobalSection
	GlobalSection(SolutionProperties) = preSolution
		HideSolutionNode = FALSE
	EndGlobalSection
	GlobalSection(ExtensibilityGlobals) = postSolution
		SolutionGuid = {FB1B4F42-5A38-4466-B2F3-521D26D3DAAB}
	EndGlobalSection
EndGlobal
