
Microsoft Visual Studio Solution File, Format Version 12.00
# Visual Studio Version 17
VisualStudioVersion = 17.14.36908.2 d17.14
MinimumVisualStudioVersion = 10.0.40219.1
Project("{FAE04EC0-301F-11D3-BF4B-00C04F79EFBC}") = "ejercicioHerencia", "ejercicioHerencia.csproj", "{1D6D1C58-C515-415E-85CA-240E1B5C40F9}"
EndProject
Global
	GlobalSection(SolutionConfigurationPlatforms) = preSolution
		Debug|Any CPU = Debug|Any CPU
		Release|Any CPU = Release|Any CPU
	EndGlobalSection
	GlobalSection(ProjectConfigurationPlatforms) = postSolution
		{1D6D1C58-C515-415E-85CA-240E1B5C40F9}.Debug|Any CPU.ActiveCfg = Debug|Any CPU
		{1D6D1C58-C515-415E-85CA-240E1B5C40F9}.Debug|Any CPU.Build.0 = Debug|Any CPU
		{1D6D1C58-C515-415E-85CA-240E1B5C40F9}.Release|Any CPU.ActiveCfg = Release|Any CPU
		{1D6D1C58-C515-415E-85CA-240E1B5C40F9}.Release|Any CPU.Build.0 = Release|Any CPU
	EndGlobalSection
	GlobalSection(SolutionProperties) = preSolution
		HideSolutionNode = FALSE
	EndGlobalSection
	GlobalSection(ExtensibilityGlobals) = postSolution
		SolutionGuid = {2D33E861-723E-48F8-83D9-4344158CDF76}
	EndGlobalSection
EndGlobal
