
Microsoft Visual Studio Solution File, Format Version 12.00
# Visual Studio Version 17
VisualStudioVersion = 17.14.36908.2 d17.14
MinimumVisualStudioVersion = 10.0.40219.1
Project("{FAE04EC0-301F-11D3-BF4B-00C04F79EFBC}") = "EjercicioUnoColeccionHashtable", "EjercicioUnoColeccionHashtable.csproj", "{5D520500-603A-4EC8-9855-D9D80F4EAE5C}"
EndProject
Global
	GlobalSection(SolutionConfigurationPlatforms) = preSolution
		Debug|Any CPU = Debug|Any CPU
		Release|Any CPU = Release|Any CPU
	EndGlobalSection
	GlobalSection(ProjectConfigurationPlatforms) = postSolution
		{5D520500-603A-4EC8-9855-D9D80F4EAE5C}.Debug|Any CPU.ActiveCfg = Debug|Any CPU
		{5D520500-603A-4EC8-9855-D9D80F4EAE5C}.Debug|Any CPU.Build.0 = Debug|Any CPU
		{5D520500-603A-4EC8-9855-D9D80F4EAE5C}.Release|Any CPU.ActiveCfg = Release|Any CPU
		{5D520500-603A-4EC8-9855-D9D80F4EAE5C}.Release|Any CPU.Build.0 = Release|Any CPU
	EndGlobalSection
	GlobalSection(SolutionProperties) = preSolution
		HideSolutionNode = FALSE
	EndGlobalSection
	GlobalSection(ExtensibilityGlobals) = postSolution
		SolutionGuid = {C67DE989-5197-4B80-B73E-735F3F8FD6FE}
	EndGlobalSection
EndGlobal
