
Microsoft Visual Studio Solution File, Format Version 12.00
# Visual Studio Version 17
VisualStudioVersion = 17.14.36908.2 d17.14
MinimumVisualStudioVersion = 10.0.40219.1
Project("{FAE04EC0-301F-11D3-BF4B-00C04F79EFBC}") = "ejercicio_5_de_100", "ejercicio_5_de_100.csproj", "{6A112B03-052D-4723-91BD-E1228BB4537B}"
EndProject
Global
	GlobalSection(SolutionConfigurationPlatforms) = preSolution
		Debug|Any CPU = Debug|Any CPU
		Release|Any CPU = Release|Any CPU
	EndGlobalSection
	GlobalSection(ProjectConfigurationPlatforms) = postSolution
		{6A112B03-052D-4723-91BD-E1228BB4537B}.Debug|Any CPU.ActiveCfg = Debug|Any CPU
		{6A112B03-052D-4723-91BD-E1228BB4537B}.Debug|Any CPU.Build.0 = Debug|Any CPU
		{6A112B03-052D-4723-91BD-E1228BB4537B}.Release|Any CPU.ActiveCfg = Release|Any CPU
		{6A112B03-052D-4723-91BD-E1228BB4537B}.Release|Any CPU.Build.0 = Release|Any CPU
	EndGlobalSection
	GlobalSection(SolutionProperties) = preSolution
		HideSolutionNode = FALSE
	EndGlobalSection
	GlobalSection(ExtensibilityGlobals) = postSolution
		SolutionGuid = {06BAAB92-1DC4-4C5D-9B35-E8B2FC1FD364}
	EndGlobalSection
EndGlobal
