
Microsoft Visual Studio Solution File, Format Version 12.00
# Visual Studio Version 17
VisualStudioVersion = 17.14.36908.2 d17.14
MinimumVisualStudioVersion = 10.0.40219.1
Project("{FAE04EC0-301F-11D3-BF4B-00C04F79EFBC}") = "ejercicio_4_de_100", "ejercicio_4_de_100.csproj", "{88E1599C-F02C-4758-AEF2-2686D2B67705}"
EndProject
Global
	GlobalSection(SolutionConfigurationPlatforms) = preSolution
		Debug|Any CPU = Debug|Any CPU
		Release|Any CPU = Release|Any CPU
	EndGlobalSection
	GlobalSection(ProjectConfigurationPlatforms) = postSolution
		{88E1599C-F02C-4758-AEF2-2686D2B67705}.Debug|Any CPU.ActiveCfg = Debug|Any CPU
		{88E1599C-F02C-4758-AEF2-2686D2B67705}.Debug|Any CPU.Build.0 = Debug|Any CPU
		{88E1599C-F02C-4758-AEF2-2686D2B67705}.Release|Any CPU.ActiveCfg = Release|Any CPU
		{88E1599C-F02C-4758-AEF2-2686D2B67705}.Release|Any CPU.Build.0 = Release|Any CPU
	EndGlobalSection
	GlobalSection(SolutionProperties) = preSolution
		HideSolutionNode = FALSE
	EndGlobalSection
	GlobalSection(ExtensibilityGlobals) = postSolution
		SolutionGuid = {B79B39D6-E551-4118-AC71-7FA882897D60}
	EndGlobalSection
EndGlobal
